{
  "name": "swap-ntr-chart",
  "version": "1.0.0",
  "lockfileVersion": 3,
  "requires": true,
  "packages": {
    "": {
      "name": "swap-ntr-chart",
      "version": "1.0.0",
      "license": "ISC",
      "dependencies": {
        "swap-ntr-chart": "^1.0.0"
      }
    },
    "node_modules/swap-ntr-chart": {
      "version": "1.0.0",
      "resolved": "https://registry.npmjs.org/swap-ntr-chart/-/swap-ntr-chart-1.0.0.tgz",
      "integrity": "sha512-Py39bPAz0gODOyHl1YlIQ1VhxTIGcN2Kp0InQml+3B6p4sGLZFcScEXK/9cpQBUNyYVbVmQp9pt5klWbulfNJw=="
    }
  }
}
